{
    "_meta": {
        "hash": {
            "sha256": "f36d59aab72ba832dbbc69b0cb241f0f60e6f52431b474dd0d0746eb4100c1b5"
        },
        "pipfile-spec": 6,
        "requires": {
            "python_version": "3.7"
        },
        "sources": [
            {
                "name": "pypi",
                "url": "https://pypi.org/simple",
                "verify_ssl": true
            }
        ]
    },
    "default": {
        "django-crispy-forms": {
            "hashes": [
                "sha256:0afc0ba730f52a13c02bfbd0e1423af4577a337d73a8a0ef96f2cbbc5f345ffa",
                "sha256:2db711ce31f6f9ef42c16829cc3636e3819f97c1b22a3b706afed679bc417e88"
            ],
            "index": "pypi",
            "version": "==1.8.1"
        },
        "django-registration-redux": {
            "hashes": [
                "sha256:48f60ec15c9a34aad3ab7993c53c20fc32ac4f777fc64e132b337343302fa0ec",
                "sha256:54403d9f7bce5370f5e2b9895c9e03e635fd4281fcc96b7a2dcb9dc639f846f0"
            ],
            "index": "pypi",
            "version": "==2.6"
        },
        "gunicorn": {
            "hashes": [
                "sha256:1904bb2b8a43658807108d59c3f3d56c2b6121a701161de0ddf9ad140073c626",
                "sha256:cd4a810dd51bf497552cf3f863b575dabd73d6ad6a91075b65936b151cbf4f9c"
            ],
            "index": "pypi",
            "version": "==20.0.4"
        }
    },
    "develop": {}
}
